// !$*UTF8*$!
{
	archiveVersion = 1;
	classes = {
	};
	objectVersion = 50;
	objects = {

/* Begin PBXBuildFile section */
		A12D03042624852D00D73AEF /* Chest.swift in Sources */ = {isa = PBXBuildFile; fileRef = A12D03032624852D00D73AEF /* Chest.swift */; };
		A16DA8022604B18D00E5FB7F /* Weapon.swift in Sources */ = {isa = PBXBuildFile; fileRef = A16DA8012604B18D00E5FB7F /* Weapon.swift */; };
		A193FC4C26020FAF00DFE608 /* main.swift in Sources */ = {isa = PBXBuildFile; fileRef = A193FC4B26020FAF00DFE608 /* main.swift */; };
		A193FC5526023C5F00DFE608 /* Game.swift in Sources */ = {isa = PBXBuildFile; fileRef = A193FC5426023C5F00DFE608 /* Game.swift */; };
		A193FC602603530B00DFE608 /* Player.swift in Sources */ = {isa = PBXBuildFile; fileRef = A193FC5F2603530B00DFE608 /* Player.swift */; };
		A193FC6C260353DB00DFE608 /* Character.swift in Sources */ = {isa = PBXBuildFile; fileRef = A193FC6B260353DB00DFE608 /* Character.swift */; };
/* End PBXBuildFile section */

/* Begin PBXCopyFilesBuildPhase section */
		A193FC4626020FAF00DFE608 /* CopyFiles */ = {
			isa = PBXCopyFilesBuildPhase;
			buildActionMask = 2147483647;
			dstPath = /usr/share/man/man1/;
			dstSubfolderSpec = 0;
			files = (
			);
			runOnlyForDeploymentPostprocessing = 1;
		};
/* End PBXCopyFilesBuildPhase section */

/* Begin PBXFileReference section */
		A12D03032624852D00D73AEF /* Chest.swift */ = {isa = PBXFileReference; lastKnownFileType = sourcecode.swift; path = Chest.swift; sourceTree = "<group>"; };
		A16DA8012604B18D00E5FB7F /* Weapon.swift */ = {isa = PBXFileReference; lastKnownFileType = sourcecode.swift; path = Weapon.swift; sourceTree = "<group>"; };
		A193FC4826020FAF00DFE608 /* TeamFightClub */ = {isa = PBXFileReference; explicitFileType = "compiled.mach-o.executable"; includeInIndex = 0; path = TeamFightClub; sourceTree = BUILT_PRODUCTS_DIR; };
		A193FC4B26020FAF00DFE608 /* main.swift */ = {isa = PBXFileReference; lastKnownFileType = sourcecode.swift; path = main.swift; sourceTree = "<group>"; };
		A193FC5426023C5F00DFE608 /* Game.swift */ = {isa = PBXFileReference; lastKnownFileType = sourcecode.swift; path = Game.swift; sourceTree = "<group>"; };
		A193FC5F2603530B00DFE608 /* Player.swift */ = {isa = PBXFileReference; lastKnownFileType = sourcecode.swift; path = Player.swift; sourceTree = "<group>"; };
		A193FC6B260353DB00DFE608 /* Character.swift */ = {isa = PBXFileReference; lastKnownFileType = sourcecode.swift; path = Character.swift; sourceTree = "<group>"; };
/* End PBXFileReference section */

/* Begin PBXFrameworksBuildPhase section */
		A193FC4526020FAF00DFE608 /* Frameworks */ = {
			isa = PBXFrameworksBuildPhase;
			buildActionMask = 2147483647;
			files = (
			);
			runOnlyForDeploymentPostprocessing = 0;
		};
/* End PBXFrameworksBuildPhase section */

/* Begin PBXGroup section */
		A193FC3F26020FAF00DFE608 = {
			isa = PBXGroup;
			children = (
				A193FC4A26020FAF00DFE608 /* TeamFightClub */,
				A193FC5E260352C400DFE608 /* Player */,
				A193FC4926020FAF00DFE608 /* Products */,
			);
			sourceTree = "<group>";
		};
		A193FC4926020FAF00DFE608 /* Products */ = {
			isa = PBXGroup;
			children = (
				A193FC4826020FAF00DFE608 /* TeamFightClub */,
			);
			name = Products;
			sourceTree = "<group>";
		};
		A193FC4A26020FAF00DFE608 /* TeamFightClub */ = {
			isa = PBXGroup;
			children = (
				A193FC4B26020FAF00DFE608 /* main.swift */,
				A193FC5426023C5F00DFE608 /* Game.swift */,
			);
			path = TeamFightClub;
			sourceTree = "<group>";
		};
		A193FC5E260352C400DFE608 /* Player */ = {
			isa = PBXGroup;
			children = (
				A193FC6B260353DB00DFE608 /* Character.swift */,
				A193FC5F2603530B00DFE608 /* Player.swift */,
				A16DA8012604B18D00E5FB7F /* Weapon.swift */,
				A12D03032624852D00D73AEF /* Chest.swift */,
			);
			path = Player;
			sourceTree = "<group>";
		};
/* End PBXGroup section */

/* Begin PBXNativeTarget section */
		A193FC4726020FAF00DFE608 /* TeamFightClub */ = {
			isa = PBXNativeTarget;
			buildConfigurationList = A193FC4F26020FAF00DFE608 /* Build configuration list for PBXNativeTarget "TeamFightClub" */;
			buildPhases = (
				A193FC4426020FAF00DFE608 /* Sources */,
				A193FC4526020FAF00DFE608 /* Frameworks */,
				A193FC4626020FAF00DFE608 /* CopyFiles */,
			);
			buildRules = (
			);
			dependencies = (
			);
			name = TeamFightClub;
			productName = TeamFightClub;
			productReference = A193FC4826020FAF00DFE608 /* TeamFightClub */;
			productType = "com.apple.product-type.tool";
		};
/* End PBXNativeTarget section */

/* Begin PBXProject section */
		A193FC4026020FAF00DFE608 /* Project object */ = {
			isa = PBXProject;
			attributes = {
				LastSwiftUpdateCheck = 1240;
				LastUpgradeCheck = 1240;
				TargetAttributes = {
					A193FC4726020FAF00DFE608 = {
						CreatedOnToolsVersion = 12.4;
					};
				};
			};
			buildConfigurationList = A193FC4326020FAF00DFE608 /* Build configuration list for PBXProject "TeamFightClub" */;
			compatibilityVersion = "Xcode 9.3";
			developmentRegion = en;
			hasScannedForEncodings = 0;
			knownRegions = (
				en,
				Base,
			);
			mainGroup = A193FC3F26020FAF00DFE608;
			productRefGroup = A193FC4926020FAF00DFE608 /* Products */;
			projectDirPath = "";
			projectRoot = "";
			targets = (
				A193FC4726020FAF00DFE608 /* TeamFightClub */,
			);
		};
/* End PBXProject section */

/* Begin PBXSourcesBuildPhase section */
		A193FC4426020FAF00DFE608 /* Sources */ = {
			isa = PBXSourcesBuildPhase;
			buildActionMask = 2147483647;
			files = (
				A193FC4C26020FAF00DFE608 /* main.swift in Sources */,
				A16DA8022604B18D00E5FB7F /* Weapon.swift in Sources */,
				A193FC602603530B00DFE608 /* Player.swift in Sources */,
				A12D03042624852D00D73AEF /* Chest.swift in Sources */,
				A193FC6C260353DB00DFE608 /* Character.swift in Sources */,
				A193FC5526023C5F00DFE608 /* Game.swift in Sources */,
			);
			runOnlyForDeploymentPostprocessing = 0;
		};
/* End PBXSourcesBuildPhase section */

/* Begin XCBuildConfiguration section */
		A193FC4D26020FAF00DFE608 /* Debug */ = {
			isa = XCBuildConfiguration;
			buildSettings = {
				ALWAYS_SEARCH_USER_PATHS = NO;
				CLANG_ANALYZER_NONNULL = YES;
				CLANG_ANALYZER_NUMBER_OBJECT_CONVERSION = YES_AGGRESSIVE;
				CLANG_CXX_LANGUAGE_STANDARD = "gnu++14";
				CLANG_CXX_LIBRARY = "libc++";
				CLANG_ENABLE_MODULES = YES;
				CLANG_ENABLE_OBJC_ARC = YES;
				CLANG_ENABLE_OBJC_WEAK = YES;
				CLANG_WARN_BLOCK_CAPTURE_AUTORELEASING = YES;
				CLANG_WARN_BOOL_CONVERSION = YES;
				CLANG_WARN_COMMA = YES;
				CLANG_WARN_CONSTANT_CONVERSION = YES;
				CLANG_WARN_DEPRECATED_OBJC_IMPLEMENTATIONS = YES;
				CLANG_WARN_DIRECT_OBJC_ISA_USAGE = YES_ERROR;
				CLANG_WARN_DOCUMENTATION_COMMENTS = YES;
				CLANG_WARN_EMPTY_BODY = YES;
				CLANG_WARN_ENUM_CONVERSION = YES;
				CLANG_WARN_INFINITE_RECURSION = YES;
				CLANG_WARN_INT_CONVERSION = YES;
				CLANG_WARN_NON_LITERAL_NULL_CONVERSION = YES;
				CLANG_WARN_OBJC_IMPLICIT_RETAIN_SELF = YES;
				CLANG_WARN_OBJC_LITERAL_CONVERSION = YES;
				CLANG_WARN_OBJC_ROOT_CLASS = YES_ERROR;
				CLANG_WARN_QUOTED_INCLUDE_IN_FRAMEWORK_HEADER = YES;
				CLANG_WARN_RANGE_LOOP_ANALYSIS = YES;
				CLANG_WARN_STRICT_PROTOTYPES = YES;
				CLANG_WARN_SUSPICIOUS_MOVE = YES;
				CLANG_WARN_UNGUARDED_AVAILABILITY = YES_AGGRESSIVE;
				CLANG_WARN_UNREACHABLE_CODE = YES;
				CLANG_WARN__DUPLICATE_METHOD_MATCH = YES;
				COPY_PHASE_STRIP = NO;
				DEBUG_INFORMATION_FORMAT = dwarf;
				ENABLE_STRICT_OBJC_MSGSEND = YES;
				ENABLE_TESTABILITY = YES;
				GCC_C_LANGUAGE_STANDARD = gnu11;
				GCC_DYNAMIC_NO_PIC = NO;
				GCC_NO_COMMON_BLOCKS = YES;
				GCC_OPTIMIZATION_LEVEL = 0;
				GCC_PREPROCESSOR_DEFINITIONS = (
					"DEBUG=1",
					"$(inherited)",
				);
				GCC_WARN_64_TO_32_BIT_CONVERSION = YES;
				GCC_WARN_ABOUT_RETURN_TYPE = YES_ERROR;
				GCC_WARN_UNDECLARED_SELECTOR = YES;
				GCC_WARN_UNINITIALIZED_AUTOS = YES_AGGRESSIVE;
				GCC_WARN_UNUSED_FUNCTION = YES;
				GCC_WARN_UNUSED_VARIABLE = YES;
				MACOSX_DEPLOYMENT_TARGET = 11.0;
				MTL_ENABLE_DEBUG_INFO = INCLUDE_SOURCE;
				MTL_FAST_MATH = YES;
				ONLY_ACTIVE_ARCH = YES;
				SDKROOT = macosx;
				SWIFT_ACTIVE_COMPILATION_CONDITIONS = DEBUG;
				SWIFT_OPTIMIZATION_LEVEL = "-Onone";
			};
			name = Debug;
		};
		A193FC4E26020FAF00DFE608 /* Release */ = {
			isa = XCBuildConfiguration;
			buildSettings = {
				ALWAYS_SEARCH_USER_PATHS = NO;
				CLANG_ANALYZER_NONNULL = YES;
				CLANG_ANALYZER_NUMBER_OBJECT_CONVERSION = YES_AGGRESSIVE;
				CLANG_CXX_LANGUAGE_STANDARD = "gnu++14";
				CLANG_CXX_LIBRARY = "libc++";
				CLANG_ENABLE_MODULES = YES;
				CLANG_ENABLE_OBJC_ARC = YES;
				CLANG_ENABLE_OBJC_WEAK = YES;
				CLANG_WARN_BLOCK_CAPTURE_AUTORELEASING = YES;
				CLANG_WARN_BOOL_CONVERSION = YES;
				CLANG_WARN_COMMA = YES;
				CLANG_WARN_CONSTANT_CONVERSION = YES;
				CLANG_WARN_DEPRECATED_OBJC_IMPLEMENTATIONS = YES;
				CLANG_WARN_DIRECT_OBJC_ISA_USAGE = YES_ERROR;
				CLANG_WARN_DOCUMENTATION_COMMENTS = YES;
				CLANG_WARN_EMPTY_BODY = YES;
				CLANG_WARN_ENUM_CONVERSION = YES;
				CLANG_WARN_INFINITE_RECURSION = YES;
				CLANG_WARN_INT_CONVERSION = YES;
				CLANG_WARN_NON_LITERAL_NULL_CONVERSION = YES;
				CLANG_WARN_OBJC_IMPLICIT_RETAIN_SELF = YES;
				CLANG_WARN_OBJC_LITERAL_CONVERSION = YES;
				CLANG_WARN_OBJC_ROOT_CLASS = YES_ERROR;
				CLANG_WARN_QUOTED_INCLUDE_IN_FRAMEWORK_HEADER = YES;
				CLANG_WARN_RANGE_LOOP_ANALYSIS = YES;
				CLANG_WARN_STRICT_PROTOTYPES = YES;
				CLANG_WARN_SUSPICIOUS_MOVE = YES;
				CLANG_WARN_UNGUARDED_AVAILABILITY = YES_AGGRESSIVE;
				CLANG_WARN_UNREACHABLE_CODE = YES;
				CLANG_WARN__DUPLICATE_METHOD_MATCH = YES;
				COPY_PHASE_STRIP = NO;
				DEBUG_INFORMATION_FORMAT = "dwarf-with-dsym";
				ENABLE_NS_ASSERTIONS = NO;
				ENABLE_STRICT_OBJC_MSGSEND = YES;
				GCC_C_LANGUAGE_STANDARD = gnu11;
				GCC_NO_COMMON_BLOCKS = YES;
				GCC_WARN_64_TO_32_BIT_CONVERSION = YES;
				GCC_WARN_ABOUT_RETURN_TYPE = YES_ERROR;
				GCC_WARN_UNDECLARED_SELECTOR = YES;
				GCC_WARN_UNINITIALIZED_AUTOS = YES_AGGRESSIVE;
				GCC_WARN_UNUSED_FUNCTION = YES;
				GCC_WARN_UNUSED_VARIABLE = YES;
				MACOSX_DEPLOYMENT_TARGET = 11.0;
				MTL_ENABLE_DEBUG_INFO = NO;
				MTL_FAST_MATH = YES;
				SDKROOT = macosx;
				SWIFT_COMPILATION_MODE = wholemodule;
				SWIFT_OPTIMIZATION_LEVEL = "-O";
			};
			name = Release;
		};
		A193FC5026020FAF00DFE608 /* Debug */ = {
			isa = XCBuildConfiguration;
			buildSettings = {
				CODE_SIGN_STYLE = Automatic;
				DEVELOPMENT_TEAM = P37T2AJK9B;
				ENABLE_HARDENED_RUNTIME = YES;
				PRODUCT_NAME = "$(TARGET_NAME)";
				SWIFT_VERSION = 5.0;
			};
			name = Debug;
		};
		A193FC5126020FAF00DFE608 /* Release */ = {
			isa = XCBuildConfiguration;
			buildSettings = {
				CODE_SIGN_STYLE = Automatic;
				DEVELOPMENT_TEAM = P37T2AJK9B;
				ENABLE_HARDENED_RUNTIME = YES;
				PRODUCT_NAME = "$(TARGET_NAME)";
				SWIFT_VERSION = 5.0;
			};
			name = Release;
		};
/* End XCBuildConfiguration section */

/* Begin XCConfigurationList section */
		A193FC4326020FAF00DFE608 /* Build configuration list for PBXProject "TeamFightClub" */ = {
			isa = XCConfigurationList;
			buildConfigurations = (
				A193FC4D26020FAF00DFE608 /* Debug */,
				A193FC4E26020FAF00DFE608 /* Release */,
			);
			defaultConfigurationIsVisible = 0;
			defaultConfigurationName = Release;
		};
		A193FC4F26020FAF00DFE608 /* Build configuration list for PBXNativeTarget "TeamFightClub" */ = {
			isa = XCConfigurationList;
			buildConfigurations = (
				A193FC5026020FAF00DFE608 /* Debug */,
				A193FC5126020FAF00DFE608 /* Release */,
			);
			defaultConfigurationIsVisible = 0;
			defaultConfigurationName = Release;
		};
/* End XCConfigurationList section */
	};
	rootObject = A193FC4026020FAF00DFE608 /* Project object */;
}
